
Microsoft Visual Studio Solution File, Format Version 12.00
# Visual Studio Version 16
VisualStudioVersion = 16.0.29418.71
MinimumVisualStudioVersion = 10.0.40219.1
Project("{FAE04EC0-301F-11D3-BF4B-00C04F79EFBC}") = "Tomi_Ionel", "Tomi_Ionel.csproj", "{0C625515-94A5-4719-8D0B-E23903C62638}"
EndProject
Global
	GlobalSection(SolutionConfigurationPlatforms) = preSolution
		Debug|Any CPU = Debug|Any CPU
		Release|Any CPU = Release|Any CPU
	EndGlobalSection
	GlobalSection(ProjectConfigurationPlatforms) = postSolution
		{0C625515-94A5-4719-8D0B-E23903C62638}.Debug|Any CPU.ActiveCfg = Debug|Any CPU
		{0C625515-94A5-4719-8D0B-E23903C62638}.Debug|Any CPU.Build.0 = Debug|Any CPU
		{0C625515-94A5-4719-8D0B-E23903C62638}.Release|Any CPU.ActiveCfg = Release|Any CPU
		{0C625515-94A5-4719-8D0B-E23903C62638}.Release|Any CPU.Build.0 = Release|Any CPU
	EndGlobalSection
	GlobalSection(SolutionProperties) = preSolution
		HideSolutionNode = FALSE
	EndGlobalSection
	GlobalSection(ExtensibilityGlobals) = postSolution
		SolutionGuid = {4B8C0278-A14A-41F0-BEFB-7D1DF8F7BE8F}
	EndGlobalSection
EndGlobal
